# This file is automatically @generated by Cargo.
# It is not intended for manual editing.
version = 4

[[package]]
name = "use-biological-system"
version = "0.1.0"

[[package]]
name = "use-biology"
version = "0.1.0"
dependencies = [
 "use-biological-system",
 "use-cell",
 "use-gene",
 "use-life-stage",
 "use-organ",
 "use-organism",
 "use-reproduction",
 "use-species",
 "use-taxonomy",
 "use-tissue",
 "use-trait",
]

[[package]]
name = "use-cell"
version = "0.1.0"

[[package]]
name = "use-gene"
version = "0.1.0"

[[package]]
name = "use-life-stage"
version = "0.1.0"

[[package]]
name = "use-organ"
version = "0.1.0"

[[package]]
name = "use-organism"
version = "0.1.0"
dependencies = [
 "use-species",
 "use-taxonomy",
]

[[package]]
name = "use-reproduction"
version = "0.1.0"

[[package]]
name = "use-species"
version = "0.1.0"

[[package]]
name = "use-taxonomy"
version = "0.1.0"

[[package]]
name = "use-tissue"
version = "0.1.0"

[[package]]
name = "use-trait"
version = "0.1.0"
